
Microsoft Visual Studio Solution File, Format Version 12.00
# Visual Studio Version 17
VisualStudioVersion = 17.1.31903.286
MinimumVisualStudioVersion = 10.0.40219.1
Project("{FAE04EC0-301F-11D3-BF4B-00C04F79EFBC}") = "SendMailApi", "SendMailApi\SendMailApi.csproj", "{C1843333-140E-46F5-9323-C7FAD9BA212A}"
EndProject
Global
	GlobalSection(SolutionConfigurationPlatforms) = preSolution
		Debug|Any CPU = Debug|Any CPU
		Release|Any CPU = Release|Any CPU
	EndGlobalSection
	GlobalSection(ProjectConfigurationPlatforms) = postSolution
		{C1843333-140E-46F5-9323-C7FAD9BA212A}.Debug|Any CPU.ActiveCfg = Debug|Any CPU
		{C1843333-140E-46F5-9323-C7FAD9BA212A}.Debug|Any CPU.Build.0 = Debug|Any CPU
		{C1843333-140E-46F5-9323-C7FAD9BA212A}.Release|Any CPU.ActiveCfg = Release|Any CPU
		{C1843333-140E-46F5-9323-C7FAD9BA212A}.Release|Any CPU.Build.0 = Release|Any CPU
	EndGlobalSection
	GlobalSection(SolutionProperties) = preSolution
		HideSolutionNode = FALSE
	EndGlobalSection
	GlobalSection(ExtensibilityGlobals) = postSolution
		SolutionGuid = {EE9C66A5-040F-4A00-A623-64EC1922CC7E}
	EndGlobalSection
EndGlobal
